<?xml version="1.0" encoding="utf-8"?>
<Project ToolsVersion="4.0" xmlns="http://schemas.microsoft.com/developer/msbuild/2003">
  <ItemGroup>
    <Filter Include="basics">
      <UniqueIdentifier>{b31538e9-7f3b-4b11-a9cf-60291dca91a3}</UniqueIdentifier>
    </Filter>
    <Filter Include="math">
      <UniqueIdentifier>{2b185366-b537-43ed-821e-c23f81fe1940}</UniqueIdentifier>
    </Filter>
    <Filter Include="stdext">
      <UniqueIdentifier>{14837564-f3fb-43a9-b181-81817b5a0572}</UniqueIdentifier>
    </Filter>
  </ItemGroup>
  <ItemGroup>
    <ClCompile Include="basics\BasicIncludes.cpp">
      <Filter>basics</Filter>
    </ClCompile>
    <ClCompile Include="basics\GlobalParameters.cpp">
      <Filter>basics</Filter>
    </ClCompile>
    <ClCompile Include="basics\StartOptions.cpp">
      <Filter>basics</Filter>
    </ClCompile>
    <ClCompile Include="math\DistributionHelper.cpp">
      <Filter>math</Filter>
    </ClCompile>
  </ItemGroup>
  <ItemGroup>
    <ClInclude Include="basics\BasicIncludes.h">
      <Filter>basics</Filter>
    </ClInclude>
    <ClInclude Include="basics\BasicMacros.h">
      <Filter>basics</Filter>
    </ClInclude>
    <ClInclude Include="basics\ComplexMacros.h">
      <Filter>basics</Filter>
    </ClInclude>
    <ClInclude Include="basics\GlobalParameters.h">
      <Filter>basics</Filter>
    </ClInclude>
    <ClInclude Include="basics\Logger.h">
      <Filter>basics</Filter>
    </ClInclude>
    <ClInclude Include="basics\NoCopy.h">
      <Filter>basics</Filter>
    </ClInclude>
    <ClInclude Include="basics\SimpleSmartEnum.h">
      <Filter>basics</Filter>
    </ClInclude>
    <ClInclude Include="basics\StartOptions.h">
      <Filter>basics</Filter>
    </ClInclude>
    <ClInclude Include="basics\ThreadManager.h">
      <Filter>basics</Filter>
    </ClInclude>
    <ClInclude Include="basics\Timer.h">
      <Filter>basics</Filter>
    </ClInclude>
    <ClInclude Include="basics\Typelist.h">
      <Filter>basics</Filter>
    </ClInclude>
    <ClInclude Include="math\DistributionCalculator.h">
      <Filter>math</Filter>
    </ClInclude>
    <ClInclude Include="math\DistributionHelper.h">
      <Filter>math</Filter>
    </ClInclude>
    <ClInclude Include="stdext\is_callable.h">
      <Filter>stdext</Filter>
    </ClInclude>
    <ClInclude Include="stdext\is_container.h">
      <Filter>stdext</Filter>
    </ClInclude>
    <ClInclude Include="stdext\is_detected.h">
      <Filter>stdext</Filter>
    </ClInclude>
    <ClInclude Include="stdext\std_extensions.h">
      <Filter>stdext</Filter>
    </ClInclude>
    <ClInclude Include="math\Geometry.h">
      <Filter>math</Filter>
    </ClInclude>
  </ItemGroup>
  <ItemGroup>
    <None Include="packages.config" />
  </ItemGroup>
</Project>